
Microsoft Visual Studio Solution File, Format Version 12.00
# Visual Studio Version 17
VisualStudioVersion = 17.5.33530.505
MinimumVisualStudioVersion = 10.0.40219.1
Project("{FAE04EC0-301F-11D3-BF4B-00C04F79EFBC}") = "FactoryMethodPattern01", "FactoryMethodPattern01.csproj", "{13FCB8FF-493E-4D30-9855-5CF6A2F81E39}"
EndProject
Global
	GlobalSection(SolutionConfigurationPlatforms) = preSolution
		Debug|Any CPU = Debug|Any CPU
		Release|Any CPU = Release|Any CPU
	EndGlobalSection
	GlobalSection(ProjectConfigurationPlatforms) = postSolution
		{13FCB8FF-493E-4D30-9855-5CF6A2F81E39}.Debug|Any CPU.ActiveCfg = Debug|Any CPU
		{13FCB8FF-493E-4D30-9855-5CF6A2F81E39}.Debug|Any CPU.Build.0 = Debug|Any CPU
		{13FCB8FF-493E-4D30-9855-5CF6A2F81E39}.Release|Any CPU.ActiveCfg = Release|Any CPU
		{13FCB8FF-493E-4D30-9855-5CF6A2F81E39}.Release|Any CPU.Build.0 = Release|Any CPU
	EndGlobalSection
	GlobalSection(SolutionProperties) = preSolution
		HideSolutionNode = FALSE
	EndGlobalSection
	GlobalSection(ExtensibilityGlobals) = postSolution
		SolutionGuid = {2A9B0F0B-6DE8-489B-B748-4B71F319A3DF}
	EndGlobalSection
EndGlobal
